// !$*UTF8*$!
{
	archiveVersion = 1;
	classes = {
	};
	objectVersion = 50;
	objects = {

/* Begin PBXBuildFile section */
		AF0B7DFF258B9A74008E8CCF /* Game.xcdatamodeld in Sources */ = {isa = PBXBuildFile; fileRef = AF0B7DFD258B9A74008E8CCF /* Game.xcdatamodeld */; };
		AF0D0AB0258B703A00116488 /* HistoricService.swift in Sources */ = {isa = PBXBuildFile; fileRef = AF0D0AAF258B703A00116488 /* HistoricService.swift */; };
		AF0D0ABC258B7FB700116488 /* DateExtension.swift in Sources */ = {isa = PBXBuildFile; fileRef = AF0D0ABB258B7FB700116488 /* DateExtension.swift */; };
		AF13C4F42584169C00675259 /* AppDelegate.swift in Sources */ = {isa = PBXBuildFile; fileRef = AF13C4F32584169C00675259 /* AppDelegate.swift */; };
		AF13C4F62584169C00675259 /* SceneDelegate.swift in Sources */ = {isa = PBXBuildFile; fileRef = AF13C4F52584169C00675259 /* SceneDelegate.swift */; };
		AF13C4F82584169C00675259 /* GameViewController.swift in Sources */ = {isa = PBXBuildFile; fileRef = AF13C4F72584169C00675259 /* GameViewController.swift */; };
		AF13C4FD2584169E00675259 /* Assets.xcassets in Resources */ = {isa = PBXBuildFile; fileRef = AF13C4FC2584169E00675259 /* Assets.xcassets */; };
		AF13C5002584169E00675259 /* LaunchScreen.storyboard in Resources */ = {isa = PBXBuildFile; fileRef = AF13C4FE2584169E00675259 /* LaunchScreen.storyboard */; };
		AF13C50D2585413700675259 /* Game.storyboard in Resources */ = {isa = PBXBuildFile; fileRef = AF13C50C2585413700675259 /* Game.storyboard */; };
		AF13C5122585449E00675259 /* GameView+CollectionDelegate.swift in Sources */ = {isa = PBXBuildFile; fileRef = AF13C5112585449E00675259 /* GameView+CollectionDelegate.swift */; };
		AF13C515258546D500675259 /* GameCollectionViewCell.swift in Sources */ = {isa = PBXBuildFile; fileRef = AF13C514258546D500675259 /* GameCollectionViewCell.swift */; };
		AF1C6A5C25878EE6003DFCD0 /* MemoryGame.swift in Sources */ = {isa = PBXBuildFile; fileRef = AF1C6A5B25878EE6003DFCD0 /* MemoryGame.swift */; };
		AF25BCF5258A45B30048DE24 /* Alert.storyboard in Resources */ = {isa = PBXBuildFile; fileRef = AF25BCF4258A45B30048DE24 /* Alert.storyboard */; };
		AF25BCF8258A477A0048DE24 /* AlertViewController.swift in Sources */ = {isa = PBXBuildFile; fileRef = AF25BCF7258A477A0048DE24 /* AlertViewController.swift */; };
		AF25BCFB258A51A20048DE24 /* Historic.storyboard in Resources */ = {isa = PBXBuildFile; fileRef = AF25BCFA258A51A20048DE24 /* Historic.storyboard */; };
		AF25BCFE258A52840048DE24 /* HistoricViewController.swift in Sources */ = {isa = PBXBuildFile; fileRef = AF25BCFD258A52840048DE24 /* HistoricViewController.swift */; };
		AF25BD01258A52CB0048DE24 /* Historic+TableViewDelegate.swift in Sources */ = {isa = PBXBuildFile; fileRef = AF25BD00258A52CB0048DE24 /* Historic+TableViewDelegate.swift */; };
		AF25BD04258A531A0048DE24 /* HistoricTableViewCell.swift in Sources */ = {isa = PBXBuildFile; fileRef = AF25BD03258A531A0048DE24 /* HistoricTableViewCell.swift */; };
		AFCD1315258662B100361F3D /* Card.swift in Sources */ = {isa = PBXBuildFile; fileRef = AFCD1314258662B100361F3D /* Card.swift */; };
		AFCD131B2586656600361F3D /* Board.swift in Sources */ = {isa = PBXBuildFile; fileRef = AFCD131A2586656600361F3D /* Board.swift */; };
		AFDF2F2125892DB500DB133E /* CartonSix.ttf in Resources */ = {isa = PBXBuildFile; fileRef = AFDF2F2025892DB500DB133E /* CartonSix.ttf */; };
		AFDF3DC325857C1B008B8AA7 /* Main.storyboard in Resources */ = {isa = PBXBuildFile; fileRef = AFDF3DC225857C1B008B8AA7 /* Main.storyboard */; };
		AFDF3DC62585828E008B8AA7 /* MainViewController.swift in Sources */ = {isa = PBXBuildFile; fileRef = AFDF3DC52585828E008B8AA7 /* MainViewController.swift */; };
		AFE0C8232589250D00D538B5 /* UIFontExtension.swift in Sources */ = {isa = PBXBuildFile; fileRef = AFE0C8222589250D00D538B5 /* UIFontExtension.swift */; };
		AFF2BB7C2588E2AA004655AC /* Chronometer.swift in Sources */ = {isa = PBXBuildFile; fileRef = AFF2BB7B2588E2AA004655AC /* Chronometer.swift */; };
		AFF2BB822588FE11004655AC /* GameCellDelegate.swift in Sources */ = {isa = PBXBuildFile; fileRef = AFF2BB812588FE11004655AC /* GameCellDelegate.swift */; };
		AFF2BB862588FE9F004655AC /* MemoryGameDelegate.swift in Sources */ = {isa = PBXBuildFile; fileRef = AFF2BB852588FE9F004655AC /* MemoryGameDelegate.swift */; };
		AFF2BB892588FEE2004655AC /* ChronometerDelegate.swift in Sources */ = {isa = PBXBuildFile; fileRef = AFF2BB882588FEE2004655AC /* ChronometerDelegate.swift */; };
		AFF2BB8D2588FFBD004655AC /* ColorExtension.swift in Sources */ = {isa = PBXBuildFile; fileRef = AFF2BB8C2588FFBD004655AC /* ColorExtension.swift */; };
/* End PBXBuildFile section */

/* Begin PBXFileReference section */
		AF0B7DFE258B9A74008E8CCF /* Game.xcdatamodel */ = {isa = PBXFileReference; lastKnownFileType = wrapper.xcdatamodel; path = Game.xcdatamodel; sourceTree = "<group>"; };
		AF0D0AAF258B703A00116488 /* HistoricService.swift */ = {isa = PBXFileReference; lastKnownFileType = sourcecode.swift; path = HistoricService.swift; sourceTree = "<group>"; };
		AF0D0ABB258B7FB700116488 /* DateExtension.swift */ = {isa = PBXFileReference; lastKnownFileType = sourcecode.swift; path = DateExtension.swift; sourceTree = "<group>"; };
		AF13C4F02584169C00675259 /* desafio4all.app */ = {isa = PBXFileReference; explicitFileType = wrapper.application; includeInIndex = 0; path = desafio4all.app; sourceTree = BUILT_PRODUCTS_DIR; };
		AF13C4F32584169C00675259 /* AppDelegate.swift */ = {isa = PBXFileReference; lastKnownFileType = sourcecode.swift; path = AppDelegate.swift; sourceTree = "<group>"; };
		AF13C4F52584169C00675259 /* SceneDelegate.swift */ = {isa = PBXFileReference; lastKnownFileType = sourcecode.swift; path = SceneDelegate.swift; sourceTree = "<group>"; };
		AF13C4F72584169C00675259 /* GameViewController.swift */ = {isa = PBXFileReference; lastKnownFileType = sourcecode.swift; path = GameViewController.swift; sourceTree = "<group>"; };
		AF13C4FC2584169E00675259 /* Assets.xcassets */ = {isa = PBXFileReference; lastKnownFileType = folder.assetcatalog; path = Assets.xcassets; sourceTree = "<group>"; };
		AF13C4FF2584169E00675259 /* Base */ = {isa = PBXFileReference; lastKnownFileType = file.storyboard; name = Base; path = Base.lproj/LaunchScreen.storyboard; sourceTree = "<group>"; };
		AF13C5012584169E00675259 /* Info.plist */ = {isa = PBXFileReference; lastKnownFileType = text.plist.xml; path = Info.plist; sourceTree = "<group>"; };
		AF13C50C2585413700675259 /* Game.storyboard */ = {isa = PBXFileReference; lastKnownFileType = file.storyboard; path = Game.storyboard; sourceTree = "<group>"; };
		AF13C5112585449E00675259 /* GameView+CollectionDelegate.swift */ = {isa = PBXFileReference; lastKnownFileType = sourcecode.swift; path = "GameView+CollectionDelegate.swift"; sourceTree = "<group>"; };
		AF13C514258546D500675259 /* GameCollectionViewCell.swift */ = {isa = PBXFileReference; lastKnownFileType = sourcecode.swift; path = GameCollectionViewCell.swift; sourceTree = "<group>"; };
		AF1C6A5B25878EE6003DFCD0 /* MemoryGame.swift */ = {isa = PBXFileReference; lastKnownFileType = sourcecode.swift; path = MemoryGame.swift; sourceTree = "<group>"; };
		AF25BCF4258A45B30048DE24 /* Alert.storyboard */ = {isa = PBXFileReference; lastKnownFileType = file.storyboard; path = Alert.storyboard; sourceTree = "<group>"; };
		AF25BCF7258A477A0048DE24 /* AlertViewController.swift */ = {isa = PBXFileReference; lastKnownFileType = sourcecode.swift; path = AlertViewController.swift; sourceTree = "<group>"; };
		AF25BCFA258A51A20048DE24 /* Historic.storyboard */ = {isa = PBXFileReference; lastKnownFileType = file.storyboard; path = Historic.storyboard; sourceTree = "<group>"; };
		AF25BCFD258A52840048DE24 /* HistoricViewController.swift */ = {isa = PBXFileReference; lastKnownFileType = sourcecode.swift; path = HistoricViewController.swift; sourceTree = "<group>"; };
		AF25BD00258A52CB0048DE24 /* Historic+TableViewDelegate.swift */ = {isa = PBXFileReference; lastKnownFileType = sourcecode.swift; path = "Historic+TableViewDelegate.swift"; sourceTree = "<group>"; };
		AF25BD03258A531A0048DE24 /* HistoricTableViewCell.swift */ = {isa = PBXFileReference; lastKnownFileType = sourcecode.swift; path = HistoricTableViewCell.swift; sourceTree = "<group>"; };
		AFCD1314258662B100361F3D /* Card.swift */ = {isa = PBXFileReference; lastKnownFileType = sourcecode.swift; path = Card.swift; sourceTree = "<group>"; };
		AFCD131A2586656600361F3D /* Board.swift */ = {isa = PBXFileReference; lastKnownFileType = sourcecode.swift; path = Board.swift; sourceTree = "<group>"; };
		AFDF2F2025892DB500DB133E /* CartonSix.ttf */ = {isa = PBXFileReference; lastKnownFileType = file; path = CartonSix.ttf; sourceTree = "<group>"; };
		AFDF3DC225857C1B008B8AA7 /* Main.storyboard */ = {isa = PBXFileReference; lastKnownFileType = file.storyboard; path = Main.storyboard; sourceTree = "<group>"; };
		AFDF3DC52585828E008B8AA7 /* MainViewController.swift */ = {isa = PBXFileReference; lastKnownFileType = sourcecode.swift; path = MainViewController.swift; sourceTree = "<group>"; };
		AFE0C8222589250D00D538B5 /* UIFontExtension.swift */ = {isa = PBXFileReference; lastKnownFileType = sourcecode.swift; path = UIFontExtension.swift; sourceTree = "<group>"; };
		AFF2BB7B2588E2AA004655AC /* Chronometer.swift */ = {isa = PBXFileReference; lastKnownFileType = sourcecode.swift; path = Chronometer.swift; sourceTree = "<group>"; };
		AFF2BB812588FE11004655AC /* GameCellDelegate.swift */ = {isa = PBXFileReference; lastKnownFileType = sourcecode.swift; path = GameCellDelegate.swift; sourceTree = "<group>"; };
		AFF2BB852588FE9F004655AC /* MemoryGameDelegate.swift */ = {isa = PBXFileReference; lastKnownFileType = sourcecode.swift; path = MemoryGameDelegate.swift; sourceTree = "<group>"; };
		AFF2BB882588FEE2004655AC /* ChronometerDelegate.swift */ = {isa = PBXFileReference; lastKnownFileType = sourcecode.swift; path = ChronometerDelegate.swift; sourceTree = "<group>"; };
		AFF2BB8C2588FFBD004655AC /* ColorExtension.swift */ = {isa = PBXFileReference; lastKnownFileType = sourcecode.swift; path = ColorExtension.swift; sourceTree = "<group>"; };
/* End PBXFileReference section */

/* Begin PBXFrameworksBuildPhase section */
		AF13C4ED2584169C00675259 /* Frameworks */ = {
			isa = PBXFrameworksBuildPhase;
			buildActionMask = 2147483647;
			files = (
			);
			runOnlyForDeploymentPostprocessing = 0;
		};
/* End PBXFrameworksBuildPhase section */

/* Begin PBXGroup section */
		AF13C4E72584169C00675259 = {
			isa = PBXGroup;
			children = (
				AF13C4F22584169C00675259 /* desafio4all */,
				AF13C4F12584169C00675259 /* Products */,
			);
			sourceTree = "<group>";
		};
		AF13C4F12584169C00675259 /* Products */ = {
			isa = PBXGroup;
			children = (
				AF13C4F02584169C00675259 /* desafio4all.app */,
			);
			name = Products;
			sourceTree = "<group>";
		};
		AF13C4F22584169C00675259 /* desafio4all */ = {
			isa = PBXGroup;
			children = (
				AFF2BB8B2588FFAA004655AC /* Utils */,
				AFF2BB802588FE01004655AC /* Protocols */,
				AF13C50A258540F200675259 /* Controller */,
				AF13C509258540ED00675259 /* View */,
				AF13C508258540E700675259 /* Model */,
				AF13C4F32584169C00675259 /* AppDelegate.swift */,
				AF13C4F52584169C00675259 /* SceneDelegate.swift */,
				AF13C4FC2584169E00675259 /* Assets.xcassets */,
				AF13C4FE2584169E00675259 /* LaunchScreen.storyboard */,
				AF13C5012584169E00675259 /* Info.plist */,
			);
			path = desafio4all;
			sourceTree = "<group>";
		};
		AF13C508258540E700675259 /* Model */ = {
			isa = PBXGroup;
			children = (
				AFCD1314258662B100361F3D /* Card.swift */,
				AFCD131A2586656600361F3D /* Board.swift */,
				AF1C6A5B25878EE6003DFCD0 /* MemoryGame.swift */,
				AFF2BB7B2588E2AA004655AC /* Chronometer.swift */,
				AF0D0AAF258B703A00116488 /* HistoricService.swift */,
				AF0B7DFD258B9A74008E8CCF /* Game.xcdatamodeld */,
			);
			path = Model;
			sourceTree = "<group>";
		};
		AF13C509258540ED00675259 /* View */ = {
			isa = PBXGroup;
			children = (
				AF13C50C2585413700675259 /* Game.storyboard */,
				AF13C514258546D500675259 /* GameCollectionViewCell.swift */,
				AFDF3DC225857C1B008B8AA7 /* Main.storyboard */,
				AF25BCF4258A45B30048DE24 /* Alert.storyboard */,
				AF25BCFA258A51A20048DE24 /* Historic.storyboard */,
				AF25BD03258A531A0048DE24 /* HistoricTableViewCell.swift */,
			);
			path = View;
			sourceTree = "<group>";
		};
		AF13C50A258540F200675259 /* Controller */ = {
			isa = PBXGroup;
			children = (
				AF13C4F72584169C00675259 /* GameViewController.swift */,
				AF13C5112585449E00675259 /* GameView+CollectionDelegate.swift */,
				AFDF3DC52585828E008B8AA7 /* MainViewController.swift */,
				AF25BCF7258A477A0048DE24 /* AlertViewController.swift */,
				AF25BCFD258A52840048DE24 /* HistoricViewController.swift */,
				AF25BD00258A52CB0048DE24 /* Historic+TableViewDelegate.swift */,
			);
			path = Controller;
			sourceTree = "<group>";
		};
		AFDF2F1E25892D9400DB133E /* Fonts */ = {
			isa = PBXGroup;
			children = (
				AFDF2F2025892DB500DB133E /* CartonSix.ttf */,
				AFE0C8222589250D00D538B5 /* UIFontExtension.swift */,
			);
			path = Fonts;
			sourceTree = "<group>";
		};
		AFF2BB802588FE01004655AC /* Protocols */ = {
			isa = PBXGroup;
			children = (
				AFF2BB812588FE11004655AC /* GameCellDelegate.swift */,
				AFF2BB852588FE9F004655AC /* MemoryGameDelegate.swift */,
				AFF2BB882588FEE2004655AC /* ChronometerDelegate.swift */,
			);
			path = Protocols;
			sourceTree = "<group>";
		};
		AFF2BB8B2588FFAA004655AC /* Utils */ = {
			isa = PBXGroup;
			children = (
				AFDF2F1E25892D9400DB133E /* Fonts */,
				AFF2BB8C2588FFBD004655AC /* ColorExtension.swift */,
				AF0D0ABB258B7FB700116488 /* DateExtension.swift */,
			);
			path = Utils;
			sourceTree = "<group>";
		};
/* End PBXGroup section */

/* Begin PBXNativeTarget section */
		AF13C4EF2584169C00675259 /* desafio4all */ = {
			isa = PBXNativeTarget;
			buildConfigurationList = AF13C5042584169E00675259 /* Build configuration list for PBXNativeTarget "desafio4all" */;
			buildPhases = (
				AF13C4EC2584169C00675259 /* Sources */,
				AF13C4ED2584169C00675259 /* Frameworks */,
				AF13C4EE2584169C00675259 /* Resources */,
			);
			buildRules = (
			);
			dependencies = (
			);
			name = desafio4all;
			productName = desafio4all;
			productReference = AF13C4F02584169C00675259 /* desafio4all.app */;
			productType = "com.apple.product-type.application";
		};
/* End PBXNativeTarget section */

/* Begin PBXProject section */
		AF13C4E82584169C00675259 /* Project object */ = {
			isa = PBXProject;
			attributes = {
				LastSwiftUpdateCheck = 1220;
				LastUpgradeCheck = 1220;
				TargetAttributes = {
					AF13C4EF2584169C00675259 = {
						CreatedOnToolsVersion = 12.2;
					};
				};
			};
			buildConfigurationList = AF13C4EB2584169C00675259 /* Build configuration list for PBXProject "desafio4all" */;
			compatibilityVersion = "Xcode 9.3";
			developmentRegion = en;
			hasScannedForEncodings = 0;
			knownRegions = (
				en,
				Base,
			);
			mainGroup = AF13C4E72584169C00675259;
			productRefGroup = AF13C4F12584169C00675259 /* Products */;
			projectDirPath = "";
			projectRoot = "";
			targets = (
				AF13C4EF2584169C00675259 /* desafio4all */,
			);
		};
/* End PBXProject section */

/* Begin PBXResourcesBuildPhase section */
		AF13C4EE2584169C00675259 /* Resources */ = {
			isa = PBXResourcesBuildPhase;
			buildActionMask = 2147483647;
			files = (
				AFDF2F2125892DB500DB133E /* CartonSix.ttf in Resources */,
				AF13C50D2585413700675259 /* Game.storyboard in Resources */,
				AF13C5002584169E00675259 /* LaunchScreen.storyboard in Resources */,
				AF13C4FD2584169E00675259 /* Assets.xcassets in Resources */,
				AFDF3DC325857C1B008B8AA7 /* Main.storyboard in Resources */,
				AF25BCF5258A45B30048DE24 /* Alert.storyboard in Resources */,
				AF25BCFB258A51A20048DE24 /* Historic.storyboard in Resources */,
			);
			runOnlyForDeploymentPostprocessing = 0;
		};
/* End PBXResourcesBuildPhase section */

/* Begin PBXSourcesBuildPhase section */
		AF13C4EC2584169C00675259 /* Sources */ = {
			isa = PBXSourcesBuildPhase;
			buildActionMask = 2147483647;
			files = (
				AFF2BB7C2588E2AA004655AC /* Chronometer.swift in Sources */,
				AF0B7DFF258B9A74008E8CCF /* Game.xcdatamodeld in Sources */,
				AFE0C8232589250D00D538B5 /* UIFontExtension.swift in Sources */,
				AF25BCFE258A52840048DE24 /* HistoricViewController.swift in Sources */,
				AF1C6A5C25878EE6003DFCD0 /* MemoryGame.swift in Sources */,
				AF0D0AB0258B703A00116488 /* HistoricService.swift in Sources */,
				AF13C4F82584169C00675259 /* GameViewController.swift in Sources */,
				AF25BD04258A531A0048DE24 /* HistoricTableViewCell.swift in Sources */,
				AF13C515258546D500675259 /* GameCollectionViewCell.swift in Sources */,
				AFCD1315258662B100361F3D /* Card.swift in Sources */,
				AFF2BB8D2588FFBD004655AC /* ColorExtension.swift in Sources */,
				AF25BD01258A52CB0048DE24 /* Historic+TableViewDelegate.swift in Sources */,
				AF13C5122585449E00675259 /* GameView+CollectionDelegate.swift in Sources */,
				AFF2BB822588FE11004655AC /* GameCellDelegate.swift in Sources */,
				AFDF3DC62585828E008B8AA7 /* MainViewController.swift in Sources */,
				AF13C4F42584169C00675259 /* AppDelegate.swift in Sources */,
				AF25BCF8258A477A0048DE24 /* AlertViewController.swift in Sources */,
				AF0D0ABC258B7FB700116488 /* DateExtension.swift in Sources */,
				AFF2BB862588FE9F004655AC /* MemoryGameDelegate.swift in Sources */,
				AF13C4F62584169C00675259 /* SceneDelegate.swift in Sources */,
				AFCD131B2586656600361F3D /* Board.swift in Sources */,
				AFF2BB892588FEE2004655AC /* ChronometerDelegate.swift in Sources */,
			);
			runOnlyForDeploymentPostprocessing = 0;
		};
/* End PBXSourcesBuildPhase section */

/* Begin PBXVariantGroup section */
		AF13C4FE2584169E00675259 /* LaunchScreen.storyboard */ = {
			isa = PBXVariantGroup;
			children = (
				AF13C4FF2584169E00675259 /* Base */,
			);
			name = LaunchScreen.storyboard;
			sourceTree = "<group>";
		};
/* End PBXVariantGroup section */

/* Begin XCBuildConfiguration section */
		AF13C5022584169E00675259 /* Debug */ = {
			isa = XCBuildConfiguration;
			buildSettings = {
				ALWAYS_SEARCH_USER_PATHS = NO;
				CLANG_ANALYZER_NONNULL = YES;
				CLANG_ANALYZER_NUMBER_OBJECT_CONVERSION = YES_AGGRESSIVE;
				CLANG_CXX_LANGUAGE_STANDARD = "gnu++14";
				CLANG_CXX_LIBRARY = "libc++";
				CLANG_ENABLE_MODULES = YES;
				CLANG_ENABLE_OBJC_ARC = YES;
				CLANG_ENABLE_OBJC_WEAK = YES;
				CLANG_WARN_BLOCK_CAPTURE_AUTORELEASING = YES;
				CLANG_WARN_BOOL_CONVERSION = YES;
				CLANG_WARN_COMMA = YES;
				CLANG_WARN_CONSTANT_CONVERSION = YES;
				CLANG_WARN_DEPRECATED_OBJC_IMPLEMENTATIONS = YES;
				CLANG_WARN_DIRECT_OBJC_ISA_USAGE = YES_ERROR;
				CLANG_WARN_DOCUMENTATION_COMMENTS = YES;
				CLANG_WARN_EMPTY_BODY = YES;
				CLANG_WARN_ENUM_CONVERSION = YES;
				CLANG_WARN_INFINITE_RECURSION = YES;
				CLANG_WARN_INT_CONVERSION = YES;
				CLANG_WARN_NON_LITERAL_NULL_CONVERSION = YES;
				CLANG_WARN_OBJC_IMPLICIT_RETAIN_SELF = YES;
				CLANG_WARN_OBJC_LITERAL_CONVERSION = YES;
				CLANG_WARN_OBJC_ROOT_CLASS = YES_ERROR;
				CLANG_WARN_QUOTED_INCLUDE_IN_FRAMEWORK_HEADER = YES;
				CLANG_WARN_RANGE_LOOP_ANALYSIS = YES;
				CLANG_WARN_STRICT_PROTOTYPES = YES;
				CLANG_WARN_SUSPICIOUS_MOVE = YES;
				CLANG_WARN_UNGUARDED_AVAILABILITY = YES_AGGRESSIVE;
				CLANG_WARN_UNREACHABLE_CODE = YES;
				CLANG_WARN__DUPLICATE_METHOD_MATCH = YES;
				COPY_PHASE_STRIP = NO;
				DEBUG_INFORMATION_FORMAT = dwarf;
				ENABLE_STRICT_OBJC_MSGSEND = YES;
				ENABLE_TESTABILITY = YES;
				GCC_C_LANGUAGE_STANDARD = gnu11;
				GCC_DYNAMIC_NO_PIC = NO;
				GCC_NO_COMMON_BLOCKS = YES;
				GCC_OPTIMIZATION_LEVEL = 0;
				GCC_PREPROCESSOR_DEFINITIONS = (
					"DEBUG=1",
					"$(inherited)",
				);
				GCC_WARN_64_TO_32_BIT_CONVERSION = YES;
				GCC_WARN_ABOUT_RETURN_TYPE = YES_ERROR;
				GCC_WARN_UNDECLARED_SELECTOR = YES;
				GCC_WARN_UNINITIALIZED_AUTOS = YES_AGGRESSIVE;
				GCC_WARN_UNUSED_FUNCTION = YES;
				GCC_WARN_UNUSED_VARIABLE = YES;
				IPHONEOS_DEPLOYMENT_TARGET = 14.0;
				MTL_ENABLE_DEBUG_INFO = INCLUDE_SOURCE;
				MTL_FAST_MATH = YES;
				ONLY_ACTIVE_ARCH = YES;
				SDKROOT = iphoneos;
				SWIFT_ACTIVE_COMPILATION_CONDITIONS = DEBUG;
				SWIFT_OPTIMIZATION_LEVEL = "-Onone";
			};
			name = Debug;
		};
		AF13C5032584169E00675259 /* Release */ = {
			isa = XCBuildConfiguration;
			buildSettings = {
				ALWAYS_SEARCH_USER_PATHS = NO;
				CLANG_ANALYZER_NONNULL = YES;
				CLANG_ANALYZER_NUMBER_OBJECT_CONVERSION = YES_AGGRESSIVE;
				CLANG_CXX_LANGUAGE_STANDARD = "gnu++14";
				CLANG_CXX_LIBRARY = "libc++";
				CLANG_ENABLE_MODULES = YES;
				CLANG_ENABLE_OBJC_ARC = YES;
				CLANG_ENABLE_OBJC_WEAK = YES;
				CLANG_WARN_BLOCK_CAPTURE_AUTORELEASING = YES;
				CLANG_WARN_BOOL_CONVERSION = YES;
				CLANG_WARN_COMMA = YES;
				CLANG_WARN_CONSTANT_CONVERSION = YES;
				CLANG_WARN_DEPRECATED_OBJC_IMPLEMENTATIONS = YES;
				CLANG_WARN_DIRECT_OBJC_ISA_USAGE = YES_ERROR;
				CLANG_WARN_DOCUMENTATION_COMMENTS = YES;
				CLANG_WARN_EMPTY_BODY = YES;
				CLANG_WARN_ENUM_CONVERSION = YES;
				CLANG_WARN_INFINITE_RECURSION = YES;
				CLANG_WARN_INT_CONVERSION = YES;
				CLANG_WARN_NON_LITERAL_NULL_CONVERSION = YES;
				CLANG_WARN_OBJC_IMPLICIT_RETAIN_SELF = YES;
				CLANG_WARN_OBJC_LITERAL_CONVERSION = YES;
				CLANG_WARN_OBJC_ROOT_CLASS = YES_ERROR;
				CLANG_WARN_QUOTED_INCLUDE_IN_FRAMEWORK_HEADER = YES;
				CLANG_WARN_RANGE_LOOP_ANALYSIS = YES;
				CLANG_WARN_STRICT_PROTOTYPES = YES;
				CLANG_WARN_SUSPICIOUS_MOVE = YES;
				CLANG_WARN_UNGUARDED_AVAILABILITY = YES_AGGRESSIVE;
				CLANG_WARN_UNREACHABLE_CODE = YES;
				CLANG_WARN__DUPLICATE_METHOD_MATCH = YES;
				COPY_PHASE_STRIP = NO;
				DEBUG_INFORMATION_FORMAT = "dwarf-with-dsym";
				ENABLE_NS_ASSERTIONS = NO;
				ENABLE_STRICT_OBJC_MSGSEND = YES;
				GCC_C_LANGUAGE_STANDARD = gnu11;
				GCC_NO_COMMON_BLOCKS = YES;
				GCC_WARN_64_TO_32_BIT_CONVERSION = YES;
				GCC_WARN_ABOUT_RETURN_TYPE = YES_ERROR;
				GCC_WARN_UNDECLARED_SELECTOR = YES;
				GCC_WARN_UNINITIALIZED_AUTOS = YES_AGGRESSIVE;
				GCC_WARN_UNUSED_FUNCTION = YES;
				GCC_WARN_UNUSED_VARIABLE = YES;
				IPHONEOS_DEPLOYMENT_TARGET = 14.0;
				MTL_ENABLE_DEBUG_INFO = NO;
				MTL_FAST_MATH = YES;
				SDKROOT = iphoneos;
				SWIFT_COMPILATION_MODE = wholemodule;
				SWIFT_OPTIMIZATION_LEVEL = "-O";
				VALIDATE_PRODUCT = YES;
			};
			name = Release;
		};
		AF13C5052584169E00675259 /* Debug */ = {
			isa = XCBuildConfiguration;
			buildSettings = {
				ASSETCATALOG_COMPILER_APPICON_NAME = AppIcon;
				ASSETCATALOG_COMPILER_GLOBAL_ACCENT_COLOR_NAME = AccentColor;
				CODE_SIGN_STYLE = Automatic;
				DEVELOPMENT_TEAM = T373QFGJQA;
				INFOPLIST_FILE = desafio4all/Info.plist;
				LD_RUNPATH_SEARCH_PATHS = (
					"$(inherited)",
					"@executable_path/Frameworks",
				);
				PRODUCT_BUNDLE_IDENTIFIER = com.lidiane.desafio4all;
				PRODUCT_NAME = "$(TARGET_NAME)";
				SWIFT_VERSION = 5.0;
				TARGETED_DEVICE_FAMILY = 1;
			};
			name = Debug;
		};
		AF13C5062584169E00675259 /* Release */ = {
			isa = XCBuildConfiguration;
			buildSettings = {
				ASSETCATALOG_COMPILER_APPICON_NAME = AppIcon;
				ASSETCATALOG_COMPILER_GLOBAL_ACCENT_COLOR_NAME = AccentColor;
				CODE_SIGN_STYLE = Automatic;
				DEVELOPMENT_TEAM = T373QFGJQA;
				INFOPLIST_FILE = desafio4all/Info.plist;
				LD_RUNPATH_SEARCH_PATHS = (
					"$(inherited)",
					"@executable_path/Frameworks",
				);
				PRODUCT_BUNDLE_IDENTIFIER = com.lidiane.desafio4all;
				PRODUCT_NAME = "$(TARGET_NAME)";
				SWIFT_VERSION = 5.0;
				TARGETED_DEVICE_FAMILY = 1;
			};
			name = Release;
		};
/* End XCBuildConfiguration section */

/* Begin XCConfigurationList section */
		AF13C4EB2584169C00675259 /* Build configuration list for PBXProject "desafio4all" */ = {
			isa = XCConfigurationList;
			buildConfigurations = (
				AF13C5022584169E00675259 /* Debug */,
				AF13C5032584169E00675259 /* Release */,
			);
			defaultConfigurationIsVisible = 0;
			defaultConfigurationName = Release;
		};
		AF13C5042584169E00675259 /* Build configuration list for PBXNativeTarget "desafio4all" */ = {
			isa = XCConfigurationList;
			buildConfigurations = (
				AF13C5052584169E00675259 /* Debug */,
				AF13C5062584169E00675259 /* Release */,
			);
			defaultConfigurationIsVisible = 0;
			defaultConfigurationName = Release;
		};
/* End XCConfigurationList section */

/* Begin XCVersionGroup section */
		AF0B7DFD258B9A74008E8CCF /* Game.xcdatamodeld */ = {
			isa = XCVersionGroup;
			children = (
				AF0B7DFE258B9A74008E8CCF /* Game.xcdatamodel */,
			);
			currentVersion = AF0B7DFE258B9A74008E8CCF /* Game.xcdatamodel */;
			path = Game.xcdatamodeld;
			sourceTree = "<group>";
			versionGroupType = wrapper.xcdatamodel;
		};
/* End XCVersionGroup section */
	};
	rootObject = AF13C4E82584169C00675259 /* Project object */;
}
